
Microsoft Visual Studio Solution File, Format Version 12.00
# Visual Studio Version 16
VisualStudioVersion = 16.0.31624.102
MinimumVisualStudioVersion = 10.0.40219.1
Project("{FAE04EC0-301F-11D3-BF4B-00C04F79EFBC}") = "CarRent.Android", "CarRent\CarRent.Android\CarRent.Android.csproj", "{637871F0-A776-466B-83CB-8AA28F01A6A5}"
EndProject
Project("{FAE04EC0-301F-11D3-BF4B-00C04F79EFBC}") = "CarRent.iOS", "CarRent\CarRent.iOS\CarRent.iOS.csproj", "{8ED43357-719D-4767-8F59-9CFFCEE3F434}"
EndProject
Project("{FAE04EC0-301F-11D3-BF4B-00C04F79EFBC}") = "CarRent", "CarRent\CarRent\CarRent.csproj", "{5F51CF2C-F6F6-4568-A674-57D2B9556DA7}"
EndProject
Global
	GlobalSection(SolutionConfigurationPlatforms) = preSolution
		Debug|Any CPU = Debug|Any CPU
		Debug|iPhone = Debug|iPhone
		Debug|iPhoneSimulator = Debug|iPhoneSimulator
		Release|Any CPU = Release|Any CPU
		Release|iPhone = Release|iPhone
		Release|iPhoneSimulator = Release|iPhoneSimulator
	EndGlobalSection
	GlobalSection(ProjectConfigurationPlatforms) = postSolution
		{637871F0-A776-466B-83CB-8AA28F01A6A5}.Debug|Any CPU.ActiveCfg = Debug|Any CPU
		{637871F0-A776-466B-83CB-8AA28F01A6A5}.Debug|Any CPU.Build.0 = Debug|Any CPU
		{637871F0-A776-466B-83CB-8AA28F01A6A5}.Debug|Any CPU.Deploy.0 = Debug|Any CPU
		{637871F0-A776-466B-83CB-8AA28F01A6A5}.Debug|iPhone.ActiveCfg = Debug|Any CPU
		{637871F0-A776-466B-83CB-8AA28F01A6A5}.Debug|iPhone.Build.0 = Debug|Any CPU
		{637871F0-A776-466B-83CB-8AA28F01A6A5}.Debug|iPhone.Deploy.0 = Debug|Any CPU
		{637871F0-A776-466B-83CB-8AA28F01A6A5}.Debug|iPhoneSimulator.ActiveCfg = Debug|Any CPU
		{637871F0-A776-466B-83CB-8AA28F01A6A5}.Debug|iPhoneSimulator.Build.0 = Debug|Any CPU
		{637871F0-A776-466B-83CB-8AA28F01A6A5}.Debug|iPhoneSimulator.Deploy.0 = Debug|Any CPU
		{637871F0-A776-466B-83CB-8AA28F01A6A5}.Release|Any CPU.ActiveCfg = Release|Any CPU
		{637871F0-A776-466B-83CB-8AA28F01A6A5}.Release|Any CPU.Build.0 = Release|Any CPU
		{637871F0-A776-466B-83CB-8AA28F01A6A5}.Release|Any CPU.Deploy.0 = Release|Any CPU
		{637871F0-A776-466B-83CB-8AA28F01A6A5}.Release|iPhone.ActiveCfg = Release|Any CPU
		{637871F0-A776-466B-83CB-8AA28F01A6A5}.Release|iPhone.Build.0 = Release|Any CPU
		{637871F0-A776-466B-83CB-8AA28F01A6A5}.Release|iPhone.Deploy.0 = Release|Any CPU
		{637871F0-A776-466B-83CB-8AA28F01A6A5}.Release|iPhoneSimulator.ActiveCfg = Release|Any CPU
		{637871F0-A776-466B-83CB-8AA28F01A6A5}.Release|iPhoneSimulator.Build.0 = Release|Any CPU
		{637871F0-A776-466B-83CB-8AA28F01A6A5}.Release|iPhoneSimulator.Deploy.0 = Release|Any CPU
		{8ED43357-719D-4767-8F59-9CFFCEE3F434}.Debug|Any CPU.ActiveCfg = Debug|iPhone
		{8ED43357-719D-4767-8F59-9CFFCEE3F434}.Debug|Any CPU.Build.0 = Debug|iPhone
		{8ED43357-719D-4767-8F59-9CFFCEE3F434}.Debug|Any CPU.Deploy.0 = Debug|iPhone
		{8ED43357-719D-4767-8F59-9CFFCEE3F434}.Debug|iPhone.ActiveCfg = Debug|iPhone
		{8ED43357-719D-4767-8F59-9CFFCEE3F434}.Debug|iPhone.Build.0 = Debug|iPhone
		{8ED43357-719D-4767-8F59-9CFFCEE3F434}.Debug|iPhone.Deploy.0 = Debug|iPhone
		{8ED43357-719D-4767-8F59-9CFFCEE3F434}.Debug|iPhoneSimulator.ActiveCfg = Debug|iPhoneSimulator
		{8ED43357-719D-4767-8F59-9CFFCEE3F434}.Debug|iPhoneSimulator.Build.0 = Debug|iPhoneSimulator
		{8ED43357-719D-4767-8F59-9CFFCEE3F434}.Debug|iPhoneSimulator.Deploy.0 = Debug|iPhoneSimulator
		{8ED43357-719D-4767-8F59-9CFFCEE3F434}.Release|Any CPU.ActiveCfg = Release|iPhoneSimulator
		{8ED43357-719D-4767-8F59-9CFFCEE3F434}.Release|Any CPU.Build.0 = Release|iPhoneSimulator
		{8ED43357-719D-4767-8F59-9CFFCEE3F434}.Release|Any CPU.Deploy.0 = Release|iPhoneSimulator
		{8ED43357-719D-4767-8F59-9CFFCEE3F434}.Release|iPhone.ActiveCfg = Release|iPhone
		{8ED43357-719D-4767-8F59-9CFFCEE3F434}.Release|iPhone.Build.0 = Release|iPhone
		{8ED43357-719D-4767-8F59-9CFFCEE3F434}.Release|iPhone.Deploy.0 = Release|iPhone
		{8ED43357-719D-4767-8F59-9CFFCEE3F434}.Release|iPhoneSimulator.ActiveCfg = Release|iPhoneSimulator
		{8ED43357-719D-4767-8F59-9CFFCEE3F434}.Release|iPhoneSimulator.Build.0 = Release|iPhoneSimulator
		{8ED43357-719D-4767-8F59-9CFFCEE3F434}.Release|iPhoneSimulator.Deploy.0 = Release|iPhoneSimulator
		{5F51CF2C-F6F6-4568-A674-57D2B9556DA7}.Debug|Any CPU.ActiveCfg = Debug|Any CPU
		{5F51CF2C-F6F6-4568-A674-57D2B9556DA7}.Debug|Any CPU.Build.0 = Debug|Any CPU
		{5F51CF2C-F6F6-4568-A674-57D2B9556DA7}.Debug|Any CPU.Deploy.0 = Debug|Any CPU
		{5F51CF2C-F6F6-4568-A674-57D2B9556DA7}.Debug|iPhone.ActiveCfg = Debug|Any CPU
		{5F51CF2C-F6F6-4568-A674-57D2B9556DA7}.Debug|iPhone.Build.0 = Debug|Any CPU
		{5F51CF2C-F6F6-4568-A674-57D2B9556DA7}.Debug|iPhone.Deploy.0 = Debug|Any CPU
		{5F51CF2C-F6F6-4568-A674-57D2B9556DA7}.Debug|iPhoneSimulator.ActiveCfg = Debug|Any CPU
		{5F51CF2C-F6F6-4568-A674-57D2B9556DA7}.Debug|iPhoneSimulator.Build.0 = Debug|Any CPU
		{5F51CF2C-F6F6-4568-A674-57D2B9556DA7}.Debug|iPhoneSimulator.Deploy.0 = Debug|Any CPU
		{5F51CF2C-F6F6-4568-A674-57D2B9556DA7}.Release|Any CPU.ActiveCfg = Release|Any CPU
		{5F51CF2C-F6F6-4568-A674-57D2B9556DA7}.Release|Any CPU.Build.0 = Release|Any CPU
		{5F51CF2C-F6F6-4568-A674-57D2B9556DA7}.Release|Any CPU.Deploy.0 = Release|Any CPU
		{5F51CF2C-F6F6-4568-A674-57D2B9556DA7}.Release|iPhone.ActiveCfg = Release|Any CPU
		{5F51CF2C-F6F6-4568-A674-57D2B9556DA7}.Release|iPhone.Build.0 = Release|Any CPU
		{5F51CF2C-F6F6-4568-A674-57D2B9556DA7}.Release|iPhone.Deploy.0 = Release|Any CPU
		{5F51CF2C-F6F6-4568-A674-57D2B9556DA7}.Release|iPhoneSimulator.ActiveCfg = Release|Any CPU
		{5F51CF2C-F6F6-4568-A674-57D2B9556DA7}.Release|iPhoneSimulator.Build.0 = Release|Any CPU
		{5F51CF2C-F6F6-4568-A674-57D2B9556DA7}.Release|iPhoneSimulator.Deploy.0 = Release|Any CPU
	EndGlobalSection
	GlobalSection(SolutionProperties) = preSolution
		HideSolutionNode = FALSE
	EndGlobalSection
	GlobalSection(ExtensibilityGlobals) = postSolution
		SolutionGuid = {CF87DA1A-52FF-40C4-B766-F400A00099AC}
	EndGlobalSection
EndGlobal
